<?xml version="1.0" encoding="utf-8"?>
<Project ToolsVersion="4.0" xmlns="http://schemas.microsoft.com/developer/msbuild/2003">
  <ItemGroup>
    <Filter Include="Source Files">
      <UniqueIdentifier>{4FC737F1-C7A5-4376-A066-2A32D752A2FF}</UniqueIdentifier>
      <Extensions>cpp;c;cc;cxx;def;odl;idl;hpj;bat;asm;asmx</Extensions>
    </Filter>
    <Filter Include="Header Files">
      <UniqueIdentifier>{93995380-89BD-4b04-88EB-625FBE52EBFB}</UniqueIdentifier>
      <Extensions>h;hh;hpp;hxx;hm;inl;inc;xsd</Extensions>
    </Filter>
    <Filter Include="Resource Files">
      <UniqueIdentifier>{67DA6AB6-F800-4c08-8B7A-83BB121AAD01}</UniqueIdentifier>
      <Extensions>rc;ico;cur;bmp;dlg;rc2;rct;bin;rgs;gif;jpg;jpeg;jpe;resx;tiff;tif;png;wav;mfcribbon-ms</Extensions>
    </Filter>
    <Filter Include="Source Files\Lesson 6">
      <UniqueIdentifier>{6309e6f2-9b55-422a-adde-4cbff54db3c2}</UniqueIdentifier>
    </Filter>
    <Filter Include="Source Files\Lesson 5">
      <UniqueIdentifier>{a888f976-6a6a-4fd0-b89a-3408833758bb}</UniqueIdentifier>
    </Filter>
    <Filter Include="Source Files\Lesson 4">
      <UniqueIdentifier>{55ee41f8-b512-4f5e-9419-ab57c592f389}</UniqueIdentifier>
    </Filter>
    <Filter Include="Source Files\Lesson 3">
      <UniqueIdentifier>{50a0cab9-68df-4208-aa76-7bef49b42f12}</UniqueIdentifier>
    </Filter>
    <Filter Include="Source Files\Lesson 1,2">
      <UniqueIdentifier>{245ff8a9-003d-4f83-b4e3-09ed6937f015}</UniqueIdentifier>
    </Filter>
    <Filter Include="Source Files\Lesson 7">
      <UniqueIdentifier>{98b753d8-85e5-4da6-b467-a9d67e313b97}</UniqueIdentifier>
    </Filter>
    <Filter Include="Source Files\Lesson 8">
      <UniqueIdentifier>{8dc750bd-3d7f-4b15-bca9-89d6f3e94d8d}</UniqueIdentifier>
    </Filter>
  </ItemGroup>
  <ItemGroup>
    <ClCompile Include="Distinct.cpp">
      <Filter>Source Files\Lesson 6</Filter>
    </ClCompile>
    <ClCompile Include="PassingCars.cpp">
      <Filter>Source Files\Lesson 5</Filter>
    </ClCompile>
    <ClCompile Include="CountDiv.cpp">
      <Filter>Source Files\Lesson 5</Filter>
    </ClCompile>
    <ClCompile Include="GenomicRangeQuery.cpp">
      <Filter>Source Files\Lesson 5</Filter>
    </ClCompile>
    <ClCompile Include="MinAvgTwoSlice.cpp">
      <Filter>Source Files\Lesson 5</Filter>
    </ClCompile>
    <ClCompile Include="FrogRiverOne.cpp">
      <Filter>Source Files\Lesson 4</Filter>
    </ClCompile>
    <ClCompile Include="PermCheck.cpp">
      <Filter>Source Files\Lesson 4</Filter>
    </ClCompile>
    <ClCompile Include="MissingInteger.cpp">
      <Filter>Source Files\Lesson 4</Filter>
    </ClCompile>
    <ClCompile Include="MaxCounters.cpp">
      <Filter>Source Files\Lesson 4</Filter>
    </ClCompile>
    <ClCompile Include="FrogJmp.cpp">
      <Filter>Source Files\Lesson 3</Filter>
    </ClCompile>
    <ClCompile Include="TapeEquilibrium.cpp">
      <Filter>Source Files\Lesson 3</Filter>
    </ClCompile>
    <ClCompile Include="PermMissingElem.cpp">
      <Filter>Source Files\Lesson 3</Filter>
    </ClCompile>
    <ClCompile Include="BinaryGap.cpp">
      <Filter>Source Files\Lesson 1,2</Filter>
    </ClCompile>
    <ClCompile Include="CyclicRotation.cpp">
      <Filter>Source Files\Lesson 1,2</Filter>
    </ClCompile>
    <ClCompile Include="OddOccurrencesInArray.cpp">
      <Filter>Source Files\Lesson 1,2</Filter>
    </ClCompile>
    <ClCompile Include="Triangle.cpp">
      <Filter>Source Files\Lesson 6</Filter>
    </ClCompile>
    <ClCompile Include="MaxProductOfThree.cpp">
      <Filter>Source Files\Lesson 6</Filter>
    </ClCompile>
    <ClCompile Include="NumberOfDiscIntersections.cpp">
      <Filter>Source Files\Lesson 6</Filter>
    </ClCompile>
    <ClCompile Include="Brackets.cpp">
      <Filter>Source Files\Lesson 7</Filter>
    </ClCompile>
    <ClCompile Include="Fish.cpp">
      <Filter>Source Files\Lesson 7</Filter>
    </ClCompile>
    <ClCompile Include="Nesting.cpp">
      <Filter>Source Files\Lesson 7</Filter>
    </ClCompile>
    <ClCompile Include="StoneWall.cpp">
      <Filter>Source Files\Lesson 7</Filter>
    </ClCompile>
    <ClCompile Include="EquiLeader.cpp">
      <Filter>Source Files\Lesson 8</Filter>
    </ClCompile>
  </ItemGroup>
</Project>